// !$*UTF8*$!
{
	archiveVersion = 1;
	classes = {
	};
	objectVersion = 77;
	objects = {

/* Begin PBXBuildFile section */
		84E8A36F2D5F188600178CAC /* ContentView.swift in Sources */ = {isa = PBXBuildFile; fileRef = 84E8A36C2D5F188600178CAC /* ContentView.swift */; };
		84E8A3702D5F188600178CAC /* StepperApp.swift in Sources */ = {isa = PBXBuildFile; fileRef = 84E8A36D2D5F188600178CAC /* StepperApp.swift */; };
		84E8A3712D5F188600178CAC /* Preview Assets.xcassets in Resources */ = {isa = PBXBuildFile; fileRef = 84E8A3692D5F188600178CAC /* Preview Assets.xcassets */; };
		84E8A3722D5F188600178CAC /* Assets.xcassets in Resources */ = {isa = PBXBuildFile; fileRef = 84E8A36B2D5F188600178CAC /* Assets.xcassets */; };
		84E8A3752D5F18C100178CAC /* Addition.swift in Sources */ = {isa = PBXBuildFile; fileRef = 84E8A3742D5F18BC00178CAC /* Addition.swift */; };
		84E8A3772D5F1B6100178CAC /* Subtraction.swift in Sources */ = {isa = PBXBuildFile; fileRef = 84E8A3762D5F1B5B00178CAC /* Subtraction.swift */; };
		84E8A3792D5F1B9900178CAC /* Division.swift in Sources */ = {isa = PBXBuildFile; fileRef = 84E8A3782D5F1B9600178CAC /* Division.swift */; };
		84E8A37B2D5F1BCE00178CAC /* Multiplication.swift in Sources */ = {isa = PBXBuildFile; fileRef = 84E8A37A2D5F1BC700178CAC /* Multiplication.swift */; };
/* End PBXBuildFile section */

/* Begin PBXFileReference section */
		84E8A3582D5F187C00178CAC /* Stepper.app */ = {isa = PBXFileReference; explicitFileType = wrapper.application; includeInIndex = 0; path = Stepper.app; sourceTree = BUILT_PRODUCTS_DIR; };
		84E8A3692D5F188600178CAC /* Preview Assets.xcassets */ = {isa = PBXFileReference; lastKnownFileType = folder.assetcatalog; path = "Preview Assets.xcassets"; sourceTree = "<group>"; };
		84E8A36B2D5F188600178CAC /* Assets.xcassets */ = {isa = PBXFileReference; lastKnownFileType = folder.assetcatalog; path = Assets.xcassets; sourceTree = "<group>"; };
		84E8A36C2D5F188600178CAC /* ContentView.swift */ = {isa = PBXFileReference; lastKnownFileType = sourcecode.swift; path = ContentView.swift; sourceTree = "<group>"; };
		84E8A36D2D5F188600178CAC /* StepperApp.swift */ = {isa = PBXFileReference; lastKnownFileType = sourcecode.swift; path = StepperApp.swift; sourceTree = "<group>"; };
		84E8A3742D5F18BC00178CAC /* Addition.swift */ = {isa = PBXFileReference; lastKnownFileType = sourcecode.swift; path = Addition.swift; sourceTree = "<group>"; };
		84E8A3762D5F1B5B00178CAC /* Subtraction.swift */ = {isa = PBXFileReference; lastKnownFileType = sourcecode.swift; path = Subtraction.swift; sourceTree = "<group>"; };
		84E8A3782D5F1B9600178CAC /* Division.swift */ = {isa = PBXFileReference; lastKnownFileType = sourcecode.swift; path = Division.swift; sourceTree = "<group>"; };
		84E8A37A2D5F1BC700178CAC /* Multiplication.swift */ = {isa = PBXFileReference; lastKnownFileType = sourcecode.swift; path = Multiplication.swift; sourceTree = "<group>"; };
/* End PBXFileReference section */

/* Begin PBXFrameworksBuildPhase section */
		84E8A3552D5F187C00178CAC /* Frameworks */ = {
			isa = PBXFrameworksBuildPhase;
			buildActionMask = 2147483647;
			files = (
			);
			runOnlyForDeploymentPostprocessing = 0;
		};
/* End PBXFrameworksBuildPhase section */

/* Begin PBXGroup section */
		84E8A34F2D5F187C00178CAC = {
			isa = PBXGroup;
			children = (
				84E8A36E2D5F188600178CAC /* Stepper */,
				84E8A3592D5F187C00178CAC /* Products */,
			);
			sourceTree = "<group>";
		};
		84E8A3592D5F187C00178CAC /* Products */ = {
			isa = PBXGroup;
			children = (
				84E8A3582D5F187C00178CAC /* Stepper.app */,
			);
			name = Products;
			sourceTree = "<group>";
		};
		84E8A36A2D5F188600178CAC /* Preview Content */ = {
			isa = PBXGroup;
			children = (
				84E8A3692D5F188600178CAC /* Preview Assets.xcassets */,
			);
			path = "Preview Content";
			sourceTree = "<group>";
		};
		84E8A36E2D5F188600178CAC /* Stepper */ = {
			isa = PBXGroup;
			children = (
				84E8A3732D5F188E00178CAC /* Views */,
				84E8A36A2D5F188600178CAC /* Preview Content */,
				84E8A36B2D5F188600178CAC /* Assets.xcassets */,
				84E8A36D2D5F188600178CAC /* StepperApp.swift */,
			);
			path = Stepper;
			sourceTree = "<group>";
		};
		84E8A3732D5F188E00178CAC /* Views */ = {
			isa = PBXGroup;
			children = (
				84E8A37A2D5F1BC700178CAC /* Multiplication.swift */,
				84E8A3782D5F1B9600178CAC /* Division.swift */,
				84E8A3762D5F1B5B00178CAC /* Subtraction.swift */,
				84E8A36C2D5F188600178CAC /* ContentView.swift */,
				84E8A3742D5F18BC00178CAC /* Addition.swift */,
			);
			path = Views;
			sourceTree = "<group>";
		};
/* End PBXGroup section */

/* Begin PBXNativeTarget section */
		84E8A3572D5F187C00178CAC /* Stepper */ = {
			isa = PBXNativeTarget;
			buildConfigurationList = 84E8A3662D5F188000178CAC /* Build configuration list for PBXNativeTarget "Stepper" */;
			buildPhases = (
				84E8A3542D5F187C00178CAC /* Sources */,
				84E8A3552D5F187C00178CAC /* Frameworks */,
				84E8A3562D5F187C00178CAC /* Resources */,
			);
			buildRules = (
			);
			dependencies = (
			);
			name = Stepper;
			packageProductDependencies = (
			);
			productName = Stepper;
			productReference = 84E8A3582D5F187C00178CAC /* Stepper.app */;
			productType = "com.apple.product-type.application";
		};
/* End PBXNativeTarget section */

/* Begin PBXProject section */
		84E8A3502D5F187C00178CAC /* Project object */ = {
			isa = PBXProject;
			attributes = {
				BuildIndependentTargetsInParallel = 1;
				LastSwiftUpdateCheck = 1600;
				LastUpgradeCheck = 1600;
				TargetAttributes = {
					84E8A3572D5F187C00178CAC = {
						CreatedOnToolsVersion = 16.0;
					};
				};
			};
			buildConfigurationList = 84E8A3532D5F187C00178CAC /* Build configuration list for PBXProject "Stepper" */;
			developmentRegion = en;
			hasScannedForEncodings = 0;
			knownRegions = (
				en,
				Base,
			);
			mainGroup = 84E8A34F2D5F187C00178CAC;
			minimizedProjectReferenceProxies = 1;
			preferredProjectObjectVersion = 77;
			productRefGroup = 84E8A3592D5F187C00178CAC /* Products */;
			projectDirPath = "";
			projectRoot = "";
			targets = (
				84E8A3572D5F187C00178CAC /* Stepper */,
			);
		};
/* End PBXProject section */

/* Begin PBXResourcesBuildPhase section */
		84E8A3562D5F187C00178CAC /* Resources */ = {
			isa = PBXResourcesBuildPhase;
			buildActionMask = 2147483647;
			files = (
				84E8A3712D5F188600178CAC /* Preview Assets.xcassets in Resources */,
				84E8A3722D5F188600178CAC /* Assets.xcassets in Resources */,
			);
			runOnlyForDeploymentPostprocessing = 0;
		};
/* End PBXResourcesBuildPhase section */

/* Begin PBXSourcesBuildPhase section */
		84E8A3542D5F187C00178CAC /* Sources */ = {
			isa = PBXSourcesBuildPhase;
			buildActionMask = 2147483647;
			files = (
				84E8A3752D5F18C100178CAC /* Addition.swift in Sources */,
				84E8A36F2D5F188600178CAC /* ContentView.swift in Sources */,
				84E8A3792D5F1B9900178CAC /* Division.swift in Sources */,
				84E8A37B2D5F1BCE00178CAC /* Multiplication.swift in Sources */,
				84E8A3772D5F1B6100178CAC /* Subtraction.swift in Sources */,
				84E8A3702D5F188600178CAC /* StepperApp.swift in Sources */,
			);
			runOnlyForDeploymentPostprocessing = 0;
		};
/* End PBXSourcesBuildPhase section */

/* Begin XCBuildConfiguration section */
		84E8A3642D5F188000178CAC /* Debug */ = {
			isa = XCBuildConfiguration;
			buildSettings = {
				ALWAYS_SEARCH_USER_PATHS = NO;
				ASSETCATALOG_COMPILER_GENERATE_SWIFT_ASSET_SYMBOL_EXTENSIONS = YES;
				CLANG_ANALYZER_NONNULL = YES;
				CLANG_ANALYZER_NUMBER_OBJECT_CONVERSION = YES_AGGRESSIVE;
				CLANG_CXX_LANGUAGE_STANDARD = "gnu++20";
				CLANG_ENABLE_MODULES = YES;
				CLANG_ENABLE_OBJC_ARC = YES;
				CLANG_ENABLE_OBJC_WEAK = YES;
				CLANG_WARN_BLOCK_CAPTURE_AUTORELEASING = YES;
				CLANG_WARN_BOOL_CONVERSION = YES;
				CLANG_WARN_COMMA = YES;
				CLANG_WARN_CONSTANT_CONVERSION = YES;
				CLANG_WARN_DEPRECATED_OBJC_IMPLEMENTATIONS = YES;
				CLANG_WARN_DIRECT_OBJC_ISA_USAGE = YES_ERROR;
				CLANG_WARN_DOCUMENTATION_COMMENTS = YES;
				CLANG_WARN_EMPTY_BODY = YES;
				CLANG_WARN_ENUM_CONVERSION = YES;
				CLANG_WARN_INFINITE_RECURSION = YES;
				CLANG_WARN_INT_CONVERSION = YES;
				CLANG_WARN_NON_LITERAL_NULL_CONVERSION = YES;
				CLANG_WARN_OBJC_IMPLICIT_RETAIN_SELF = YES;
				CLANG_WARN_OBJC_LITERAL_CONVERSION = YES;
				CLANG_WARN_OBJC_ROOT_CLASS = YES_ERROR;
				CLANG_WARN_QUOTED_INCLUDE_IN_FRAMEWORK_HEADER = YES;
				CLANG_WARN_RANGE_LOOP_ANALYSIS = YES;
				CLANG_WARN_STRICT_PROTOTYPES = YES;
				CLANG_WARN_SUSPICIOUS_MOVE = YES;
				CLANG_WARN_UNGUARDED_AVAILABILITY = YES_AGGRESSIVE;
				CLANG_WARN_UNREACHABLE_CODE = YES;
				CLANG_WARN__DUPLICATE_METHOD_MATCH = YES;
				COPY_PHASE_STRIP = NO;
				DEBUG_INFORMATION_FORMAT = dwarf;
				ENABLE_STRICT_OBJC_MSGSEND = YES;
				ENABLE_TESTABILITY = YES;
				ENABLE_USER_SCRIPT_SANDBOXING = YES;
				GCC_C_LANGUAGE_STANDARD = gnu17;
				GCC_DYNAMIC_NO_PIC = NO;
				GCC_NO_COMMON_BLOCKS = YES;
				GCC_OPTIMIZATION_LEVEL = 0;
				GCC_PREPROCESSOR_DEFINITIONS = (
					"DEBUG=1",
					"$(inherited)",
				);
				GCC_WARN_64_TO_32_BIT_CONVERSION = YES;
				GCC_WARN_ABOUT_RETURN_TYPE = YES_ERROR;
				GCC_WARN_UNDECLARED_SELECTOR = YES;
				GCC_WARN_UNINITIALIZED_AUTOS = YES_AGGRESSIVE;
				GCC_WARN_UNUSED_FUNCTION = YES;
				GCC_WARN_UNUSED_VARIABLE = YES;
				IPHONEOS_DEPLOYMENT_TARGET = 18.0;
				LOCALIZATION_PREFERS_STRING_CATALOGS = YES;
				MTL_ENABLE_DEBUG_INFO = INCLUDE_SOURCE;
				MTL_FAST_MATH = YES;
				ONLY_ACTIVE_ARCH = YES;
				SDKROOT = iphoneos;
				SWIFT_ACTIVE_COMPILATION_CONDITIONS = "DEBUG $(inherited)";
				SWIFT_OPTIMIZATION_LEVEL = "-Onone";
			};
			name = Debug;
		};
		84E8A3652D5F188000178CAC /* Release */ = {
			isa = XCBuildConfiguration;
			buildSettings = {
				ALWAYS_SEARCH_USER_PATHS = NO;
				ASSETCATALOG_COMPILER_GENERATE_SWIFT_ASSET_SYMBOL_EXTENSIONS = YES;
				CLANG_ANALYZER_NONNULL = YES;
				CLANG_ANALYZER_NUMBER_OBJECT_CONVERSION = YES_AGGRESSIVE;
				CLANG_CXX_LANGUAGE_STANDARD = "gnu++20";
				CLANG_ENABLE_MODULES = YES;
				CLANG_ENABLE_OBJC_ARC = YES;
				CLANG_ENABLE_OBJC_WEAK = YES;
				CLANG_WARN_BLOCK_CAPTURE_AUTORELEASING = YES;
				CLANG_WARN_BOOL_CONVERSION = YES;
				CLANG_WARN_COMMA = YES;
				CLANG_WARN_CONSTANT_CONVERSION = YES;
				CLANG_WARN_DEPRECATED_OBJC_IMPLEMENTATIONS = YES;
				CLANG_WARN_DIRECT_OBJC_ISA_USAGE = YES_ERROR;
				CLANG_WARN_DOCUMENTATION_COMMENTS = YES;
				CLANG_WARN_EMPTY_BODY = YES;
				CLANG_WARN_ENUM_CONVERSION = YES;
				CLANG_WARN_INFINITE_RECURSION = YES;
				CLANG_WARN_INT_CONVERSION = YES;
				CLANG_WARN_NON_LITERAL_NULL_CONVERSION = YES;
				CLANG_WARN_OBJC_IMPLICIT_RETAIN_SELF = YES;
				CLANG_WARN_OBJC_LITERAL_CONVERSION = YES;
				CLANG_WARN_OBJC_ROOT_CLASS = YES_ERROR;
				CLANG_WARN_QUOTED_INCLUDE_IN_FRAMEWORK_HEADER = YES;
				CLANG_WARN_RANGE_LOOP_ANALYSIS = YES;
				CLANG_WARN_STRICT_PROTOTYPES = YES;
				CLANG_WARN_SUSPICIOUS_MOVE = YES;
				CLANG_WARN_UNGUARDED_AVAILABILITY = YES_AGGRESSIVE;
				CLANG_WARN_UNREACHABLE_CODE = YES;
				CLANG_WARN__DUPLICATE_METHOD_MATCH = YES;
				COPY_PHASE_STRIP = NO;
				DEBUG_INFORMATION_FORMAT = "dwarf-with-dsym";
				ENABLE_NS_ASSERTIONS = NO;
				ENABLE_STRICT_OBJC_MSGSEND = YES;
				ENABLE_USER_SCRIPT_SANDBOXING = YES;
				GCC_C_LANGUAGE_STANDARD = gnu17;
				GCC_NO_COMMON_BLOCKS = YES;
				GCC_WARN_64_TO_32_BIT_CONVERSION = YES;
				GCC_WARN_ABOUT_RETURN_TYPE = YES_ERROR;
				GCC_WARN_UNDECLARED_SELECTOR = YES;
				GCC_WARN_UNINITIALIZED_AUTOS = YES_AGGRESSIVE;
				GCC_WARN_UNUSED_FUNCTION = YES;
				GCC_WARN_UNUSED_VARIABLE = YES;
				IPHONEOS_DEPLOYMENT_TARGET = 18.0;
				LOCALIZATION_PREFERS_STRING_CATALOGS = YES;
				MTL_ENABLE_DEBUG_INFO = NO;
				MTL_FAST_MATH = YES;
				SDKROOT = iphoneos;
				SWIFT_COMPILATION_MODE = wholemodule;
				VALIDATE_PRODUCT = YES;
			};
			name = Release;
		};
		84E8A3672D5F188000178CAC /* Debug */ = {
			isa = XCBuildConfiguration;
			buildSettings = {
				ASSETCATALOG_COMPILER_APPICON_NAME = AppIcon;
				ASSETCATALOG_COMPILER_GLOBAL_ACCENT_COLOR_NAME = AccentColor;
				CODE_SIGN_STYLE = Automatic;
				CURRENT_PROJECT_VERSION = 1;
				DEVELOPMENT_ASSET_PATHS = "\"Stepper/Preview Content\"";
				DEVELOPMENT_TEAM = 4UG443984D;
				ENABLE_PREVIEWS = YES;
				GENERATE_INFOPLIST_FILE = YES;
				INFOPLIST_KEY_UIApplicationSceneManifest_Generation = YES;
				INFOPLIST_KEY_UIApplicationSupportsIndirectInputEvents = YES;
				INFOPLIST_KEY_UILaunchScreen_Generation = YES;
				INFOPLIST_KEY_UISupportedInterfaceOrientations_iPad = "UIInterfaceOrientationPortrait UIInterfaceOrientationPortraitUpsideDown UIInterfaceOrientationLandscapeLeft UIInterfaceOrientationLandscapeRight";
				INFOPLIST_KEY_UISupportedInterfaceOrientations_iPhone = "UIInterfaceOrientationPortrait UIInterfaceOrientationLandscapeLeft UIInterfaceOrientationLandscapeRight";
				LD_RUNPATH_SEARCH_PATHS = (
					"$(inherited)",
					"@executable_path/Frameworks",
				);
				MARKETING_VERSION = 1.0;
				PRODUCT_BUNDLE_IDENTIFIER = ca.kevinchen.Stepper;
				PRODUCT_NAME = "$(TARGET_NAME)";
				SWIFT_EMIT_LOC_STRINGS = YES;
				SWIFT_VERSION = 5.0;
				TARGETED_DEVICE_FAMILY = "1,2";
			};
			name = Debug;
		};
		84E8A3682D5F188000178CAC /* Release */ = {
			isa = XCBuildConfiguration;
			buildSettings = {
				ASSETCATALOG_COMPILER_APPICON_NAME = AppIcon;
				ASSETCATALOG_COMPILER_GLOBAL_ACCENT_COLOR_NAME = AccentColor;
				CODE_SIGN_STYLE = Automatic;
				CURRENT_PROJECT_VERSION = 1;
				DEVELOPMENT_ASSET_PATHS = "\"Stepper/Preview Content\"";
				DEVELOPMENT_TEAM = 4UG443984D;
				ENABLE_PREVIEWS = YES;
				GENERATE_INFOPLIST_FILE = YES;
				INFOPLIST_KEY_UIApplicationSceneManifest_Generation = YES;
				INFOPLIST_KEY_UIApplicationSupportsIndirectInputEvents = YES;
				INFOPLIST_KEY_UILaunchScreen_Generation = YES;
				INFOPLIST_KEY_UISupportedInterfaceOrientations_iPad = "UIInterfaceOrientationPortrait UIInterfaceOrientationPortraitUpsideDown UIInterfaceOrientationLandscapeLeft UIInterfaceOrientationLandscapeRight";
				INFOPLIST_KEY_UISupportedInterfaceOrientations_iPhone = "UIInterfaceOrientationPortrait UIInterfaceOrientationLandscapeLeft UIInterfaceOrientationLandscapeRight";
				LD_RUNPATH_SEARCH_PATHS = (
					"$(inherited)",
					"@executable_path/Frameworks",
				);
				MARKETING_VERSION = 1.0;
				PRODUCT_BUNDLE_IDENTIFIER = ca.kevinchen.Stepper;
				PRODUCT_NAME = "$(TARGET_NAME)";
				SWIFT_EMIT_LOC_STRINGS = YES;
				SWIFT_VERSION = 5.0;
				TARGETED_DEVICE_FAMILY = "1,2";
			};
			name = Release;
		};
/* End XCBuildConfiguration section */

/* Begin XCConfigurationList section */
		84E8A3532D5F187C00178CAC /* Build configuration list for PBXProject "Stepper" */ = {
			isa = XCConfigurationList;
			buildConfigurations = (
				84E8A3642D5F188000178CAC /* Debug */,
				84E8A3652D5F188000178CAC /* Release */,
			);
			defaultConfigurationIsVisible = 0;
			defaultConfigurationName = Release;
		};
		84E8A3662D5F188000178CAC /* Build configuration list for PBXNativeTarget "Stepper" */ = {
			isa = XCConfigurationList;
			buildConfigurations = (
				84E8A3672D5F188000178CAC /* Debug */,
				84E8A3682D5F188000178CAC /* Release */,
			);
			defaultConfigurationIsVisible = 0;
			defaultConfigurationName = Release;
		};
/* End XCConfigurationList section */
	};
	rootObject = 84E8A3502D5F187C00178CAC /* Project object */;
}
